
Microsoft Visual Studio Solution File, Format Version 12.00
# Visual Studio Version 17
VisualStudioVersion = 17.7.34024.191
MinimumVisualStudioVersion = 10.0.40219.1
Project("{9A19103F-16F7-4668-BE54-9A1E7A4F7556}") = "Shop", "NewRepo\Shop.csproj", "{40742848-5F5E-47E7-BA0E-E1D3A2051FCD}"
EndProject
Global
	GlobalSection(SolutionConfigurationPlatforms) = preSolution
		Debug|Any CPU = Debug|Any CPU
		Release|Any CPU = Release|Any CPU
	EndGlobalSection
	GlobalSection(ProjectConfigurationPlatforms) = postSolution
		{40742848-5F5E-47E7-BA0E-E1D3A2051FCD}.Debug|Any CPU.ActiveCfg = Debug|Any CPU
		{40742848-5F5E-47E7-BA0E-E1D3A2051FCD}.Debug|Any CPU.Build.0 = Debug|Any CPU
		{40742848-5F5E-47E7-BA0E-E1D3A2051FCD}.Release|Any CPU.ActiveCfg = Release|Any CPU
		{40742848-5F5E-47E7-BA0E-E1D3A2051FCD}.Release|Any CPU.Build.0 = Release|Any CPU
	EndGlobalSection
	GlobalSection(SolutionProperties) = preSolution
		HideSolutionNode = FALSE
	EndGlobalSection
	GlobalSection(ExtensibilityGlobals) = postSolution
		SolutionGuid = {4900C911-16D2-462F-85A6-864BD2AE4DAC}
	EndGlobalSection
EndGlobal
